// !$*UTF8*$!
{
	archiveVersion = 1;
	classes = {
	};
	objectVersion = 77;
	objects = {

/* Begin PBXBuildFile section */
		81AE28002CEBE0A600FCFBFF /* AcknowList in Frameworks */ = {isa = PBXBuildFile; productRef = 81AE27FF2CEBE0A600FCFBFF /* AcknowList */; };
		81B373702CFB27D3004B49EE /* FirebaseRemoteConfig in Frameworks */ = {isa = PBXBuildFile; productRef = 81B3736F2CFB27D3004B49EE /* FirebaseRemoteConfig */; };
		81C035BE2CE22B17009845C8 /* FirebaseAuth in Frameworks */ = {isa = PBXBuildFile; productRef = 81C035BD2CE22B17009845C8 /* FirebaseAuth */; };
		81C035C02CE22B17009845C8 /* FirebaseCrashlytics in Frameworks */ = {isa = PBXBuildFile; productRef = 81C035BF2CE22B17009845C8 /* FirebaseCrashlytics */; };
		81C035C22CE22B17009845C8 /* FirebaseFirestore in Frameworks */ = {isa = PBXBuildFile; productRef = 81C035C12CE22B17009845C8 /* FirebaseFirestore */; };
		81CAE4F72CF0986C00FEDE2C /* SimpleAnalytics in Frameworks */ = {isa = PBXBuildFile; productRef = 81CAE4F62CF0986C00FEDE2C /* SimpleAnalytics */; };
		81EB00602CF2805D001E7467 /* FirebaseAppCheck in Frameworks */ = {isa = PBXBuildFile; productRef = 81EB005F2CF2805D001E7467 /* FirebaseAppCheck */; };
/* End PBXBuildFile section */

/* Begin PBXFileReference section */
		8183FE152CD78CAB00F79B3B /* ETH Credit Planner.app */ = {isa = PBXFileReference; explicitFileType = wrapper.application; includeInIndex = 0; path = "ETH Credit Planner.app"; sourceTree = BUILT_PRODUCTS_DIR; };
/* End PBXFileReference section */

/* Begin PBXFileSystemSynchronizedBuildFileExceptionSet section */
		8183FE282CD78CAD00F79B3B /* Exceptions for "ETH Credit Planner" folder in "ETH Credit Planner" target */ = {
			isa = PBXFileSystemSynchronizedBuildFileExceptionSet;
			membershipExceptions = (
				Info.plist,
			);
			target = 8183FE142CD78CAB00F79B3B /* ETH Credit Planner */;
		};
/* End PBXFileSystemSynchronizedBuildFileExceptionSet section */

/* Begin PBXFileSystemSynchronizedRootGroup section */
		8183FE172CD78CAB00F79B3B /* ETH Credit Planner */ = {
			isa = PBXFileSystemSynchronizedRootGroup;
			exceptions = (
				8183FE282CD78CAD00F79B3B /* Exceptions for "ETH Credit Planner" folder in "ETH Credit Planner" target */,
			);
			path = "ETH Credit Planner";
			sourceTree = "<group>";
		};
/* End PBXFileSystemSynchronizedRootGroup section */

/* Begin PBXFrameworksBuildPhase section */
		8183FE122CD78CAB00F79B3B /* Frameworks */ = {
			isa = PBXFrameworksBuildPhase;
			buildActionMask = 2147483647;
			files = (
				81C035C02CE22B17009845C8 /* FirebaseCrashlytics in Frameworks */,
				81AE28002CEBE0A600FCFBFF /* AcknowList in Frameworks */,
				81C035C22CE22B17009845C8 /* FirebaseFirestore in Frameworks */,
				81B373702CFB27D3004B49EE /* FirebaseRemoteConfig in Frameworks */,
				81C035BE2CE22B17009845C8 /* FirebaseAuth in Frameworks */,
				81EB00602CF2805D001E7467 /* FirebaseAppCheck in Frameworks */,
				81CAE4F72CF0986C00FEDE2C /* SimpleAnalytics in Frameworks */,
			);
			runOnlyForDeploymentPostprocessing = 0;
		};
/* End PBXFrameworksBuildPhase section */

/* Begin PBXGroup section */
		8183FE0C2CD78CAB00F79B3B = {
			isa = PBXGroup;
			children = (
				8183FE172CD78CAB00F79B3B /* ETH Credit Planner */,
				8183FE162CD78CAB00F79B3B /* Products */,
			);
			sourceTree = "<group>";
		};
		8183FE162CD78CAB00F79B3B /* Products */ = {
			isa = PBXGroup;
			children = (
				8183FE152CD78CAB00F79B3B /* ETH Credit Planner.app */,
			);
			name = Products;
			sourceTree = "<group>";
		};
/* End PBXGroup section */

/* Begin PBXNativeTarget section */
		8183FE142CD78CAB00F79B3B /* ETH Credit Planner */ = {
			isa = PBXNativeTarget;
			buildConfigurationList = 8183FE292CD78CAD00F79B3B /* Build configuration list for PBXNativeTarget "ETH Credit Planner" */;
			buildPhases = (
				8183FE112CD78CAB00F79B3B /* Sources */,
				8183FE122CD78CAB00F79B3B /* Frameworks */,
				8183FE132CD78CAB00F79B3B /* Resources */,
				81EB005C2CF279EE001E7467 /* ShellScript */,
			);
			buildRules = (
			);
			dependencies = (
			);
			fileSystemSynchronizedGroups = (
				8183FE172CD78CAB00F79B3B /* ETH Credit Planner */,
			);
			name = "ETH Credit Planner";
			packageProductDependencies = (
				81C035BD2CE22B17009845C8 /* FirebaseAuth */,
				81C035BF2CE22B17009845C8 /* FirebaseCrashlytics */,
				81C035C12CE22B17009845C8 /* FirebaseFirestore */,
				81AE27FF2CEBE0A600FCFBFF /* AcknowList */,
				81CAE4F62CF0986C00FEDE2C /* SimpleAnalytics */,
				81EB005F2CF2805D001E7467 /* FirebaseAppCheck */,
				81B3736F2CFB27D3004B49EE /* FirebaseRemoteConfig */,
			);
			productName = "ETH Credit Planner";
			productReference = 8183FE152CD78CAB00F79B3B /* ETH Credit Planner.app */;
			productType = "com.apple.product-type.application";
		};
/* End PBXNativeTarget section */

/* Begin PBXProject section */
		8183FE0D2CD78CAB00F79B3B /* Project object */ = {
			isa = PBXProject;
			attributes = {
				BuildIndependentTargetsInParallel = 1;
				LastSwiftUpdateCheck = 1610;
				LastUpgradeCheck = 1610;
				TargetAttributes = {
					8183FE142CD78CAB00F79B3B = {
						CreatedOnToolsVersion = 16.1;
					};
				};
			};
			buildConfigurationList = 8183FE102CD78CAB00F79B3B /* Build configuration list for PBXProject "ETH Credit Planner" */;
			developmentRegion = en;
			hasScannedForEncodings = 0;
			knownRegions = (
				en,
				Base,
			);
			mainGroup = 8183FE0C2CD78CAB00F79B3B;
			minimizedProjectReferenceProxies = 1;
			packageReferences = (
				81C035BA2CE22B17009845C8 /* XCRemoteSwiftPackageReference "firebase-ios-sdk" */,
				81AE27FE2CEBE0A600FCFBFF /* XCRemoteSwiftPackageReference "AcknowList" */,
				81CAE4F52CF0986C00FEDE2C /* XCRemoteSwiftPackageReference "swift-package" */,
			);
			preferredProjectObjectVersion = 77;
			productRefGroup = 8183FE162CD78CAB00F79B3B /* Products */;
			projectDirPath = "";
			projectRoot = "";
			targets = (
				8183FE142CD78CAB00F79B3B /* ETH Credit Planner */,
			);
		};
/* End PBXProject section */

/* Begin PBXResourcesBuildPhase section */
		8183FE132CD78CAB00F79B3B /* Resources */ = {
			isa = PBXResourcesBuildPhase;
			buildActionMask = 2147483647;
			files = (
			);
			runOnlyForDeploymentPostprocessing = 0;
		};
/* End PBXResourcesBuildPhase section */

/* Begin PBXShellScriptBuildPhase section */
		81EB005C2CF279EE001E7467 /* ShellScript */ = {
			isa = PBXShellScriptBuildPhase;
			alwaysOutOfDate = 1;
			buildActionMask = 2147483647;
			files = (
			);
			inputFileListPaths = (
			);
			inputPaths = (
				"${DWARF_DSYM_FOLDER_PATH}/${DWARF_DSYM_FILE_NAME}",
				"${DWARF_DSYM_FOLDER_PATH}/${DWARF_DSYM_FILE_NAME}/Contents/Resources/DWARF/${PRODUCT_NAME}",
				"${DWARF_DSYM_FOLDER_PATH}/${DWARF_DSYM_FILE_NAME}/Contents/Info.plist",
				"$(TARGET_BUILD_DIR)/$(UNLOCALIZED_RESOURCES_FOLDER_PATH)/GoogleService-Info.plist",
				"$(TARGET_BUILD_DIR)/$(EXECUTABLE_PATH)",
			);
			outputFileListPaths = (
			);
			outputPaths = (
			);
			runOnlyForDeploymentPostprocessing = 0;
			shellPath = /bin/sh;
			shellScript = "\"${BUILD_DIR%/Build/*}/SourcePackages/checkouts/firebase-ios-sdk/Crashlytics/run\"\n";
		};
/* End PBXShellScriptBuildPhase section */

/* Begin PBXSourcesBuildPhase section */
		8183FE112CD78CAB00F79B3B /* Sources */ = {
			isa = PBXSourcesBuildPhase;
			buildActionMask = 2147483647;
			files = (
			);
			runOnlyForDeploymentPostprocessing = 0;
		};
/* End PBXSourcesBuildPhase section */

/* Begin XCBuildConfiguration section */
		8183FE2A2CD78CAD00F79B3B /* Debug */ = {
			isa = XCBuildConfiguration;
			buildSettings = {
				ASSETCATALOG_COMPILER_APPICON_NAME = AppIcon;
				ASSETCATALOG_COMPILER_GLOBAL_ACCENT_COLOR_NAME = AccentColor;
				CODE_SIGN_ENTITLEMENTS = "ETH Credit Planner/ETH_Credit_Planner.entitlements";
				CODE_SIGN_STYLE = Automatic;
				CURRENT_PROJECT_VERSION = 78;
				DEVELOPMENT_ASSET_PATHS = "\"ETH Credit Planner/Preview Content\"";
				DEVELOPMENT_TEAM = WKG42DS275;
				ENABLE_PREVIEWS = YES;
				GENERATE_INFOPLIST_FILE = YES;
				INFOPLIST_FILE = "ETH Credit Planner/Info.plist";
				INFOPLIST_KEY_CFBundleDisplayName = "Study Planner";
				INFOPLIST_KEY_LSApplicationCategoryType = "public.app-category.education";
				INFOPLIST_KEY_UIApplicationSceneManifest_Generation = YES;
				INFOPLIST_KEY_UIApplicationSupportsIndirectInputEvents = YES;
				INFOPLIST_KEY_UILaunchScreen_Generation = YES;
				INFOPLIST_KEY_UISupportedInterfaceOrientations = UIInterfaceOrientationPortrait;
				INFOPLIST_KEY_UISupportedInterfaceOrientations_iPad = "UIInterfaceOrientationLandscapeLeft UIInterfaceOrientationLandscapeRight UIInterfaceOrientationPortrait UIInterfaceOrientationPortraitUpsideDown";
				IPHONEOS_DEPLOYMENT_TARGET = 17.0;
				LD_RUNPATH_SEARCH_PATHS = (
					"$(inherited)",
					"@executable_path/Frameworks",
				);
				MARKETING_VERSION = 1.0.1;
				PRODUCT_BUNDLE_IDENTIFIER = "com.hci.ETH-Credit-Planner";
				PRODUCT_NAME = "$(TARGET_NAME)";
				SUPPORTED_PLATFORMS = "iphoneos iphonesimulator";
				SUPPORTS_MACCATALYST = NO;
				SUPPORTS_MAC_DESIGNED_FOR_IPHONE_IPAD = NO;
				SUPPORTS_XR_DESIGNED_FOR_IPHONE_IPAD = NO;
				SWIFT_EMIT_LOC_STRINGS = YES;
				SWIFT_VERSION = 5.0;
				TARGETED_DEVICE_FAMILY = 1;
			};
			name = Debug;
		};
		8183FE2B2CD78CAD00F79B3B /* Release */ = {
			isa = XCBuildConfiguration;
			buildSettings = {
				ASSETCATALOG_COMPILER_APPICON_NAME = AppIcon;
				ASSETCATALOG_COMPILER_GLOBAL_ACCENT_COLOR_NAME = AccentColor;
				CODE_SIGN_ENTITLEMENTS = "ETH Credit Planner/ETH_Credit_Planner.entitlements";
				CODE_SIGN_STYLE = Automatic;
				CURRENT_PROJECT_VERSION = 78;
				DEVELOPMENT_ASSET_PATHS = "\"ETH Credit Planner/Preview Content\"";
				DEVELOPMENT_TEAM = WKG42DS275;
				ENABLE_PREVIEWS = YES;
				GENERATE_INFOPLIST_FILE = YES;
				INFOPLIST_FILE = "ETH Credit Planner/Info.plist";
				INFOPLIST_KEY_CFBundleDisplayName = "Study Planner";
				INFOPLIST_KEY_LSApplicationCategoryType = "public.app-category.education";
				INFOPLIST_KEY_UIApplicationSceneManifest_Generation = YES;
				INFOPLIST_KEY_UIApplicationSupportsIndirectInputEvents = YES;
				INFOPLIST_KEY_UILaunchScreen_Generation = YES;
				INFOPLIST_KEY_UISupportedInterfaceOrientations = UIInterfaceOrientationPortrait;
				INFOPLIST_KEY_UISupportedInterfaceOrientations_iPad = "UIInterfaceOrientationLandscapeLeft UIInterfaceOrientationLandscapeRight UIInterfaceOrientationPortrait UIInterfaceOrientationPortraitUpsideDown";
				IPHONEOS_DEPLOYMENT_TARGET = 17.0;
				LD_RUNPATH_SEARCH_PATHS = (
					"$(inherited)",
					"@executable_path/Frameworks",
				);
				MARKETING_VERSION = 1.0.1;
				PRODUCT_BUNDLE_IDENTIFIER = "com.hci.ETH-Credit-Planner";
				PRODUCT_NAME = "$(TARGET_NAME)";
				SUPPORTED_PLATFORMS = "iphoneos iphonesimulator";
				SUPPORTS_MACCATALYST = NO;
				SUPPORTS_MAC_DESIGNED_FOR_IPHONE_IPAD = NO;
				SUPPORTS_XR_DESIGNED_FOR_IPHONE_IPAD = NO;
				SWIFT_EMIT_LOC_STRINGS = YES;
				SWIFT_VERSION = 5.0;
				TARGETED_DEVICE_FAMILY = 1;
			};
			name = Release;
		};
		8183FE2C2CD78CAD00F79B3B /* Debug */ = {
			isa = XCBuildConfiguration;
			buildSettings = {
				ALWAYS_SEARCH_USER_PATHS = NO;
				ASSETCATALOG_COMPILER_GENERATE_SWIFT_ASSET_SYMBOL_EXTENSIONS = YES;
				CLANG_ANALYZER_NONNULL = YES;
				CLANG_ANALYZER_NUMBER_OBJECT_CONVERSION = YES_AGGRESSIVE;
				CLANG_CXX_LANGUAGE_STANDARD = "gnu++20";
				CLANG_ENABLE_MODULES = YES;
				CLANG_ENABLE_OBJC_ARC = YES;
				CLANG_ENABLE_OBJC_WEAK = YES;
				CLANG_WARN_BLOCK_CAPTURE_AUTORELEASING = YES;
				CLANG_WARN_BOOL_CONVERSION = YES;
				CLANG_WARN_COMMA = YES;
				CLANG_WARN_CONSTANT_CONVERSION = YES;
				CLANG_WARN_DEPRECATED_OBJC_IMPLEMENTATIONS = YES;
				CLANG_WARN_DIRECT_OBJC_ISA_USAGE = YES_ERROR;
				CLANG_WARN_DOCUMENTATION_COMMENTS = YES;
				CLANG_WARN_EMPTY_BODY = YES;
				CLANG_WARN_ENUM_CONVERSION = YES;
				CLANG_WARN_INFINITE_RECURSION = YES;
				CLANG_WARN_INT_CONVERSION = YES;
				CLANG_WARN_NON_LITERAL_NULL_CONVERSION = YES;
				CLANG_WARN_OBJC_IMPLICIT_RETAIN_SELF = YES;
				CLANG_WARN_OBJC_LITERAL_CONVERSION = YES;
				CLANG_WARN_OBJC_ROOT_CLASS = YES_ERROR;
				CLANG_WARN_QUOTED_INCLUDE_IN_FRAMEWORK_HEADER = YES;
				CLANG_WARN_RANGE_LOOP_ANALYSIS = YES;
				CLANG_WARN_STRICT_PROTOTYPES = YES;
				CLANG_WARN_SUSPICIOUS_MOVE = YES;
				CLANG_WARN_UNGUARDED_AVAILABILITY = YES_AGGRESSIVE;
				CLANG_WARN_UNREACHABLE_CODE = YES;
				CLANG_WARN__DUPLICATE_METHOD_MATCH = YES;
				COPY_PHASE_STRIP = NO;
				DEBUG_INFORMATION_FORMAT = "dwarf-with-dsym";
				ENABLE_STRICT_OBJC_MSGSEND = YES;
				ENABLE_TESTABILITY = YES;
				ENABLE_USER_SCRIPT_SANDBOXING = YES;
				GCC_C_LANGUAGE_STANDARD = gnu17;
				GCC_DYNAMIC_NO_PIC = NO;
				GCC_NO_COMMON_BLOCKS = YES;
				GCC_OPTIMIZATION_LEVEL = 0;
				GCC_PREPROCESSOR_DEFINITIONS = (
					"DEBUG=1",
					"$(inherited)",
				);
				GCC_WARN_64_TO_32_BIT_CONVERSION = YES;
				GCC_WARN_ABOUT_RETURN_TYPE = YES_ERROR;
				GCC_WARN_UNDECLARED_SELECTOR = YES;
				GCC_WARN_UNINITIALIZED_AUTOS = YES_AGGRESSIVE;
				GCC_WARN_UNUSED_FUNCTION = YES;
				GCC_WARN_UNUSED_VARIABLE = YES;
				IPHONEOS_DEPLOYMENT_TARGET = 18.1;
				LOCALIZATION_PREFERS_STRING_CATALOGS = YES;
				MTL_ENABLE_DEBUG_INFO = INCLUDE_SOURCE;
				MTL_FAST_MATH = YES;
				ONLY_ACTIVE_ARCH = YES;
				SDKROOT = iphoneos;
				SWIFT_ACTIVE_COMPILATION_CONDITIONS = "DEBUG $(inherited)";
				SWIFT_OPTIMIZATION_LEVEL = "-Onone";
			};
			name = Debug;
		};
		8183FE2D2CD78CAD00F79B3B /* Release */ = {
			isa = XCBuildConfiguration;
			buildSettings = {
				ALWAYS_SEARCH_USER_PATHS = NO;
				ASSETCATALOG_COMPILER_GENERATE_SWIFT_ASSET_SYMBOL_EXTENSIONS = YES;
				CLANG_ANALYZER_NONNULL = YES;
				CLANG_ANALYZER_NUMBER_OBJECT_CONVERSION = YES_AGGRESSIVE;
				CLANG_CXX_LANGUAGE_STANDARD = "gnu++20";
				CLANG_ENABLE_MODULES = YES;
				CLANG_ENABLE_OBJC_ARC = YES;
				CLANG_ENABLE_OBJC_WEAK = YES;
				CLANG_WARN_BLOCK_CAPTURE_AUTORELEASING = YES;
				CLANG_WARN_BOOL_CONVERSION = YES;
				CLANG_WARN_COMMA = YES;
				CLANG_WARN_CONSTANT_CONVERSION = YES;
				CLANG_WARN_DEPRECATED_OBJC_IMPLEMENTATIONS = YES;
				CLANG_WARN_DIRECT_OBJC_ISA_USAGE = YES_ERROR;
				CLANG_WARN_DOCUMENTATION_COMMENTS = YES;
				CLANG_WARN_EMPTY_BODY = YES;
				CLANG_WARN_ENUM_CONVERSION = YES;
				CLANG_WARN_INFINITE_RECURSION = YES;
				CLANG_WARN_INT_CONVERSION = YES;
				CLANG_WARN_NON_LITERAL_NULL_CONVERSION = YES;
				CLANG_WARN_OBJC_IMPLICIT_RETAIN_SELF = YES;
				CLANG_WARN_OBJC_LITERAL_CONVERSION = YES;
				CLANG_WARN_OBJC_ROOT_CLASS = YES_ERROR;
				CLANG_WARN_QUOTED_INCLUDE_IN_FRAMEWORK_HEADER = YES;
				CLANG_WARN_RANGE_LOOP_ANALYSIS = YES;
				CLANG_WARN_STRICT_PROTOTYPES = YES;
				CLANG_WARN_SUSPICIOUS_MOVE = YES;
				CLANG_WARN_UNGUARDED_AVAILABILITY = YES_AGGRESSIVE;
				CLANG_WARN_UNREACHABLE_CODE = YES;
				CLANG_WARN__DUPLICATE_METHOD_MATCH = YES;
				COPY_PHASE_STRIP = NO;
				DEBUG_INFORMATION_FORMAT = "dwarf-with-dsym";
				ENABLE_NS_ASSERTIONS = NO;
				ENABLE_STRICT_OBJC_MSGSEND = YES;
				ENABLE_USER_SCRIPT_SANDBOXING = YES;
				GCC_C_LANGUAGE_STANDARD = gnu17;
				GCC_NO_COMMON_BLOCKS = YES;
				GCC_WARN_64_TO_32_BIT_CONVERSION = YES;
				GCC_WARN_ABOUT_RETURN_TYPE = YES_ERROR;
				GCC_WARN_UNDECLARED_SELECTOR = YES;
				GCC_WARN_UNINITIALIZED_AUTOS = YES_AGGRESSIVE;
				GCC_WARN_UNUSED_FUNCTION = YES;
				GCC_WARN_UNUSED_VARIABLE = YES;
				IPHONEOS_DEPLOYMENT_TARGET = 18.1;
				LOCALIZATION_PREFERS_STRING_CATALOGS = YES;
				MTL_ENABLE_DEBUG_INFO = NO;
				MTL_FAST_MATH = YES;
				SDKROOT = iphoneos;
				SWIFT_COMPILATION_MODE = wholemodule;
				VALIDATE_PRODUCT = YES;
			};
			name = Release;
		};
/* End XCBuildConfiguration section */

/* Begin XCConfigurationList section */
		8183FE102CD78CAB00F79B3B /* Build configuration list for PBXProject "ETH Credit Planner" */ = {
			isa = XCConfigurationList;
			buildConfigurations = (
				8183FE2C2CD78CAD00F79B3B /* Debug */,
				8183FE2D2CD78CAD00F79B3B /* Release */,
			);
			defaultConfigurationIsVisible = 0;
			defaultConfigurationName = Release;
		};
		8183FE292CD78CAD00F79B3B /* Build configuration list for PBXNativeTarget "ETH Credit Planner" */ = {
			isa = XCConfigurationList;
			buildConfigurations = (
				8183FE2A2CD78CAD00F79B3B /* Debug */,
				8183FE2B2CD78CAD00F79B3B /* Release */,
			);
			defaultConfigurationIsVisible = 0;
			defaultConfigurationName = Release;
		};
/* End XCConfigurationList section */

/* Begin XCRemoteSwiftPackageReference section */
		81AE27FE2CEBE0A600FCFBFF /* XCRemoteSwiftPackageReference "AcknowList" */ = {
			isa = XCRemoteSwiftPackageReference;
			repositoryURL = "https://github.com/vtourraine/AcknowList";
			requirement = {
				kind = upToNextMajorVersion;
				minimumVersion = 3.2.0;
			};
		};
		81C035BA2CE22B17009845C8 /* XCRemoteSwiftPackageReference "firebase-ios-sdk" */ = {
			isa = XCRemoteSwiftPackageReference;
			repositoryURL = "https://github.com/firebase/firebase-ios-sdk.git";
			requirement = {
				kind = upToNextMajorVersion;
				minimumVersion = 11.4.0;
			};
		};
		81CAE4F52CF0986C00FEDE2C /* XCRemoteSwiftPackageReference "swift-package" */ = {
			isa = XCRemoteSwiftPackageReference;
			repositoryURL = "https://github.com/simpleanalytics/swift-package.git";
			requirement = {
				kind = upToNextMajorVersion;
				minimumVersion = 0.3.3;
			};
		};
/* End XCRemoteSwiftPackageReference section */

/* Begin XCSwiftPackageProductDependency section */
		81AE27FF2CEBE0A600FCFBFF /* AcknowList */ = {
			isa = XCSwiftPackageProductDependency;
			package = 81AE27FE2CEBE0A600FCFBFF /* XCRemoteSwiftPackageReference "AcknowList" */;
			productName = AcknowList;
		};
		81B3736F2CFB27D3004B49EE /* FirebaseRemoteConfig */ = {
			isa = XCSwiftPackageProductDependency;
			package = 81C035BA2CE22B17009845C8 /* XCRemoteSwiftPackageReference "firebase-ios-sdk" */;
			productName = FirebaseRemoteConfig;
		};
		81C035BD2CE22B17009845C8 /* FirebaseAuth */ = {
			isa = XCSwiftPackageProductDependency;
			package = 81C035BA2CE22B17009845C8 /* XCRemoteSwiftPackageReference "firebase-ios-sdk" */;
			productName = FirebaseAuth;
		};
		81C035BF2CE22B17009845C8 /* FirebaseCrashlytics */ = {
			isa = XCSwiftPackageProductDependency;
			package = 81C035BA2CE22B17009845C8 /* XCRemoteSwiftPackageReference "firebase-ios-sdk" */;
			productName = FirebaseCrashlytics;
		};
		81C035C12CE22B17009845C8 /* FirebaseFirestore */ = {
			isa = XCSwiftPackageProductDependency;
			package = 81C035BA2CE22B17009845C8 /* XCRemoteSwiftPackageReference "firebase-ios-sdk" */;
			productName = FirebaseFirestore;
		};
		81CAE4F62CF0986C00FEDE2C /* SimpleAnalytics */ = {
			isa = XCSwiftPackageProductDependency;
			package = 81CAE4F52CF0986C00FEDE2C /* XCRemoteSwiftPackageReference "swift-package" */;
			productName = SimpleAnalytics;
		};
		81EB005F2CF2805D001E7467 /* FirebaseAppCheck */ = {
			isa = XCSwiftPackageProductDependency;
			package = 81C035BA2CE22B17009845C8 /* XCRemoteSwiftPackageReference "firebase-ios-sdk" */;
			productName = FirebaseAppCheck;
		};
/* End XCSwiftPackageProductDependency section */
	};
	rootObject = 8183FE0D2CD78CAB00F79B3B /* Project object */;
}
